
Microsoft Visual Studio Solution File, Format Version 12.00
# Visual Studio 15
VisualStudioVersion = 15.0.28307.1525
MinimumVisualStudioVersion = 10.0.40219.1
Project("{FAE04EC0-301F-11D3-BF4B-00C04F79EFBC}") = "BorusanLogisticsGuzergah", "BorusanLogisticsGuzergah\BorusanLogisticsGuzergah.csproj", "{AC783DC4-015B-4116-BE94-7F75C07376FE}"
EndProject
Project("{54435603-DBB4-11D2-8724-00A0C9A8B90C}") = "BLGuzergah", "BLGuzergah\BLGuzergah.vdproj", "{5DBACB2C-9F9F-4579-89FB-1ECD98FE8390}"
EndProject
Global
	GlobalSection(SolutionConfigurationPlatforms) = preSolution
		Debug|Any CPU = Debug|Any CPU
		Release|Any CPU = Release|Any CPU
	EndGlobalSection
	GlobalSection(ProjectConfigurationPlatforms) = postSolution
		{AC783DC4-015B-4116-BE94-7F75C07376FE}.Debug|Any CPU.ActiveCfg = Debug|Any CPU
		{AC783DC4-015B-4116-BE94-7F75C07376FE}.Debug|Any CPU.Build.0 = Debug|Any CPU
		{AC783DC4-015B-4116-BE94-7F75C07376FE}.Release|Any CPU.ActiveCfg = Release|Any CPU
		{AC783DC4-015B-4116-BE94-7F75C07376FE}.Release|Any CPU.Build.0 = Release|Any CPU
		{5DBACB2C-9F9F-4579-89FB-1ECD98FE8390}.Debug|Any CPU.ActiveCfg = Debug
		{5DBACB2C-9F9F-4579-89FB-1ECD98FE8390}.Release|Any CPU.ActiveCfg = Release
	EndGlobalSection
	GlobalSection(SolutionProperties) = preSolution
		HideSolutionNode = FALSE
	EndGlobalSection
	GlobalSection(ExtensibilityGlobals) = postSolution
		SolutionGuid = {3F88D846-17DA-4FBF-BA97-BE066B20B886}
	EndGlobalSection
EndGlobal
